
Microsoft Visual Studio Solution File, Format Version 12.00
# Visual Studio Version 17
VisualStudioVersion = 17.7.34221.43
MinimumVisualStudioVersion = 10.0.40219.1
Project("{FAE04EC0-301F-11D3-BF4B-00C04F79EFBC}") = "Network", "Network\Network.csproj", "{305A7B42-587B-49B9-8004-C45DDFBABC07}"
EndProject
Global
	GlobalSection(SolutionConfigurationPlatforms) = preSolution
		Debug|Any CPU = Debug|Any CPU
		Release|Any CPU = Release|Any CPU
	EndGlobalSection
	GlobalSection(ProjectConfigurationPlatforms) = postSolution
		{305A7B42-587B-49B9-8004-C45DDFBABC07}.Debug|Any CPU.ActiveCfg = Debug|Any CPU
		{305A7B42-587B-49B9-8004-C45DDFBABC07}.Debug|Any CPU.Build.0 = Debug|Any CPU
		{305A7B42-587B-49B9-8004-C45DDFBABC07}.Release|Any CPU.ActiveCfg = Release|Any CPU
		{305A7B42-587B-49B9-8004-C45DDFBABC07}.Release|Any CPU.Build.0 = Release|Any CPU
	EndGlobalSection
	GlobalSection(SolutionProperties) = preSolution
		HideSolutionNode = FALSE
	EndGlobalSection
	GlobalSection(ExtensibilityGlobals) = postSolution
		SolutionGuid = {6EF2E4F9-5CDF-469F-B9C1-7B6E29FD8AB2}
	EndGlobalSection
EndGlobal
